
Microsoft Visual Studio Solution File, Format Version 12.00
# Visual Studio Version 17
VisualStudioVersion = 17.10.35013.160
MinimumVisualStudioVersion = 10.0.40219.1
Project("{FAE04EC0-301F-11D3-BF4B-00C04F79EFBC}") = "Blog", "Blog\Blog.csproj", "{A8B23D37-9926-4348-867F-3A774EC48E98}"
EndProject
Global
	GlobalSection(SolutionConfigurationPlatforms) = preSolution
		Debug|Any CPU = Debug|Any CPU
		Release|Any CPU = Release|Any CPU
	EndGlobalSection
	GlobalSection(ProjectConfigurationPlatforms) = postSolution
		{A8B23D37-9926-4348-867F-3A774EC48E98}.Debug|Any CPU.ActiveCfg = Debug|Any CPU
		{A8B23D37-9926-4348-867F-3A774EC48E98}.Debug|Any CPU.Build.0 = Debug|Any CPU
		{A8B23D37-9926-4348-867F-3A774EC48E98}.Release|Any CPU.ActiveCfg = Release|Any CPU
		{A8B23D37-9926-4348-867F-3A774EC48E98}.Release|Any CPU.Build.0 = Release|Any CPU
	EndGlobalSection
	GlobalSection(SolutionProperties) = preSolution
		HideSolutionNode = FALSE
	EndGlobalSection
	GlobalSection(ExtensibilityGlobals) = postSolution
		SolutionGuid = {8F49162B-27BD-4051-BF2E-B4AD4C79F237}
	EndGlobalSection
EndGlobal
